// !$*UTF8*$!
{
	archiveVersion = 1;
	classes = {
	};
	objectVersion = 51;
	objects = {

/* Begin PBXBuildFile section */
		0539FB7E5693CC6F260D123F /* Pods_Boiler_Bag.framework in Frameworks */ = {isa = PBXBuildFile; fileRef = 29B82BD39337AFB7B82161ED /* Pods_Boiler_Bag.framework */; };
		89169C9E487BAA2F063C440C /* Pods_Boiler_BagUITests.framework in Frameworks */ = {isa = PBXBuildFile; fileRef = B0C0C24C5112202851FFC6DE /* Pods_Boiler_BagUITests.framework */; };
		972CB259232D7FB400D061E3 /* GoogleService-Info.plist in Resources */ = {isa = PBXBuildFile; fileRef = 972CB258232D7FB400D061E3 /* GoogleService-Info.plist */; };
		972CB25A232D7FB400D061E3 /* GoogleService-Info.plist in Resources */ = {isa = PBXBuildFile; fileRef = 972CB258232D7FB400D061E3 /* GoogleService-Info.plist */; };
		972CB25B232D7FB400D061E3 /* GoogleService-Info.plist in Resources */ = {isa = PBXBuildFile; fileRef = 972CB258232D7FB400D061E3 /* GoogleService-Info.plist */; };
		9786C04A232E46A300FD2B7F /* orderDetialViewController.swift in Sources */ = {isa = PBXBuildFile; fileRef = 9786C049232E46A300FD2B7F /* orderDetialViewController.swift */; };
		978BA01F232D6C0700A2FE9F /* Poppins-RegularItalic.ttf in Resources */ = {isa = PBXBuildFile; fileRef = 978BA00D232D6C0600A2FE9F /* Poppins-RegularItalic.ttf */; };
		978BA020232D6C0700A2FE9F /* Poppins-ThinItalic.ttf in Resources */ = {isa = PBXBuildFile; fileRef = 978BA00E232D6C0600A2FE9F /* Poppins-ThinItalic.ttf */; };
		978BA021232D6C0700A2FE9F /* Poppins-Black.ttf in Resources */ = {isa = PBXBuildFile; fileRef = 978BA00F232D6C0600A2FE9F /* Poppins-Black.ttf */; };
		978BA022232D6C0700A2FE9F /* Poppins-ExtraBoldItalic.ttf in Resources */ = {isa = PBXBuildFile; fileRef = 978BA010232D6C0600A2FE9F /* Poppins-ExtraBoldItalic.ttf */; };
		978BA023232D6C0700A2FE9F /* Poppins-MediumItalic.ttf in Resources */ = {isa = PBXBuildFile; fileRef = 978BA011232D6C0600A2FE9F /* Poppins-MediumItalic.ttf */; };
		978BA024232D6C0700A2FE9F /* Poppins-Bold.ttf in Resources */ = {isa = PBXBuildFile; fileRef = 978BA012232D6C0600A2FE9F /* Poppins-Bold.ttf */; };
		978BA025232D6C0700A2FE9F /* Poppins-Regular.ttf in Resources */ = {isa = PBXBuildFile; fileRef = 978BA013232D6C0600A2FE9F /* Poppins-Regular.ttf */; };
		978BA026232D6C0700A2FE9F /* Poppins-Medium.ttf in Resources */ = {isa = PBXBuildFile; fileRef = 978BA014232D6C0600A2FE9F /* Poppins-Medium.ttf */; };
		978BA027232D6C0700A2FE9F /* Poppins-Thin.ttf in Resources */ = {isa = PBXBuildFile; fileRef = 978BA015232D6C0600A2FE9F /* Poppins-Thin.ttf */; };
		978BA028232D6C0700A2FE9F /* Poppins-SemiBoldItalic.ttf in Resources */ = {isa = PBXBuildFile; fileRef = 978BA016232D6C0600A2FE9F /* Poppins-SemiBoldItalic.ttf */; };
		978BA029232D6C0700A2FE9F /* Poppins-ExtraLight.ttf in Resources */ = {isa = PBXBuildFile; fileRef = 978BA017232D6C0600A2FE9F /* Poppins-ExtraLight.ttf */; };
		978BA02A232D6C0700A2FE9F /* Poppins-BlackItalic.ttf in Resources */ = {isa = PBXBuildFile; fileRef = 978BA018232D6C0700A2FE9F /* Poppins-BlackItalic.ttf */; };
		978BA02B232D6C0700A2FE9F /* Poppins-BoldItalic.ttf in Resources */ = {isa = PBXBuildFile; fileRef = 978BA019232D6C0700A2FE9F /* Poppins-BoldItalic.ttf */; };
		978BA02C232D6C0700A2FE9F /* Poppins-Light.ttf in Resources */ = {isa = PBXBuildFile; fileRef = 978BA01A232D6C0700A2FE9F /* Poppins-Light.ttf */; };
		978BA02D232D6C0700A2FE9F /* Poppins-LightItalic.ttf in Resources */ = {isa = PBXBuildFile; fileRef = 978BA01B232D6C0700A2FE9F /* Poppins-LightItalic.ttf */; };
		978BA02E232D6C0700A2FE9F /* Poppins-SemiBold.ttf in Resources */ = {isa = PBXBuildFile; fileRef = 978BA01C232D6C0700A2FE9F /* Poppins-SemiBold.ttf */; };
		978BA02F232D6C0700A2FE9F /* Poppins-ExtraLightItalic.ttf in Resources */ = {isa = PBXBuildFile; fileRef = 978BA01D232D6C0700A2FE9F /* Poppins-ExtraLightItalic.ttf */; };
		978BA030232D6C0700A2FE9F /* Poppins-ExtraBold.ttf in Resources */ = {isa = PBXBuildFile; fileRef = 978BA01E232D6C0700A2FE9F /* Poppins-ExtraBold.ttf */; };
		978BA043232D6C1500A2FE9F /* Inter-ExtraLight-BETA.otf in Resources */ = {isa = PBXBuildFile; fileRef = 978BA031232D6C1300A2FE9F /* Inter-ExtraLight-BETA.otf */; };
		978BA044232D6C1500A2FE9F /* Inter-Italic.otf in Resources */ = {isa = PBXBuildFile; fileRef = 978BA032232D6C1300A2FE9F /* Inter-Italic.otf */; };
		978BA045232D6C1500A2FE9F /* Inter-Bold.otf in Resources */ = {isa = PBXBuildFile; fileRef = 978BA033232D6C1300A2FE9F /* Inter-Bold.otf */; };
		978BA046232D6C1500A2FE9F /* Inter-Light-BETA.otf in Resources */ = {isa = PBXBuildFile; fileRef = 978BA034232D6C1400A2FE9F /* Inter-Light-BETA.otf */; };
		978BA047232D6C1500A2FE9F /* Inter-Black.otf in Resources */ = {isa = PBXBuildFile; fileRef = 978BA035232D6C1400A2FE9F /* Inter-Black.otf */; };
		978BA048232D6C1500A2FE9F /* Inter-MediumItalic.otf in Resources */ = {isa = PBXBuildFile; fileRef = 978BA036232D6C1400A2FE9F /* Inter-MediumItalic.otf */; };
		978BA049232D6C1500A2FE9F /* Inter-ExtraLightItalic-BETA.otf in Resources */ = {isa = PBXBuildFile; fileRef = 978BA037232D6C1400A2FE9F /* Inter-ExtraLightItalic-BETA.otf */; };
		978BA04A232D6C1500A2FE9F /* Inter-Regular.otf in Resources */ = {isa = PBXBuildFile; fileRef = 978BA038232D6C1400A2FE9F /* Inter-Regular.otf */; };
		978BA04B232D6C1500A2FE9F /* Inter-BoldItalic.otf in Resources */ = {isa = PBXBuildFile; fileRef = 978BA039232D6C1400A2FE9F /* Inter-BoldItalic.otf */; };
		978BA04C232D6C1500A2FE9F /* Inter-BlackItalic.otf in Resources */ = {isa = PBXBuildFile; fileRef = 978BA03A232D6C1400A2FE9F /* Inter-BlackItalic.otf */; };
		978BA04D232D6C1500A2FE9F /* Inter-ExtraBold.otf in Resources */ = {isa = PBXBuildFile; fileRef = 978BA03B232D6C1400A2FE9F /* Inter-ExtraBold.otf */; };
		978BA04E232D6C1500A2FE9F /* Inter-SemiBoldItalic.otf in Resources */ = {isa = PBXBuildFile; fileRef = 978BA03C232D6C1400A2FE9F /* Inter-SemiBoldItalic.otf */; };
		978BA04F232D6C1500A2FE9F /* Inter-Thin-BETA.otf in Resources */ = {isa = PBXBuildFile; fileRef = 978BA03D232D6C1400A2FE9F /* Inter-Thin-BETA.otf */; };
		978BA050232D6C1500A2FE9F /* Inter-SemiBold.otf in Resources */ = {isa = PBXBuildFile; fileRef = 978BA03E232D6C1400A2FE9F /* Inter-SemiBold.otf */; };
		978BA051232D6C1500A2FE9F /* Inter-LightItalic-BETA.otf in Resources */ = {isa = PBXBuildFile; fileRef = 978BA03F232D6C1400A2FE9F /* Inter-LightItalic-BETA.otf */; };
		978BA052232D6C1500A2FE9F /* Inter-ExtraBoldItalic.otf in Resources */ = {isa = PBXBuildFile; fileRef = 978BA040232D6C1500A2FE9F /* Inter-ExtraBoldItalic.otf */; };
		978BA053232D6C1500A2FE9F /* Inter-ThinItalic-BETA.otf in Resources */ = {isa = PBXBuildFile; fileRef = 978BA041232D6C1500A2FE9F /* Inter-ThinItalic-BETA.otf */; };
		978BA054232D6C1500A2FE9F /* Inter-Medium.otf in Resources */ = {isa = PBXBuildFile; fileRef = 978BA042232D6C1500A2FE9F /* Inter-Medium.otf */; };
		97B24A33232D8B4200BCE146 /* logInViewController.swift in Sources */ = {isa = PBXBuildFile; fileRef = 97B24A32232D8B4200BCE146 /* logInViewController.swift */; };
		97B24A35232D8B4E00BCE146 /* signUpViewController.swift in Sources */ = {isa = PBXBuildFile; fileRef = 97B24A34232D8B4E00BCE146 /* signUpViewController.swift */; };
		97C9AB92232D799C00EA7D46 /* StoreViewController.swift in Sources */ = {isa = PBXBuildFile; fileRef = 97C9AB91232D799C00EA7D46 /* StoreViewController.swift */; };
		97EC9B4B232D985F0060B1BD /* rootViewController.swift in Sources */ = {isa = PBXBuildFile; fileRef = 97EC9B4A232D985F0060B1BD /* rootViewController.swift */; };
		97EC9B4D232DB1790060B1BD /* StoreProfileViewController.swift in Sources */ = {isa = PBXBuildFile; fileRef = 97EC9B4C232DB1790060B1BD /* StoreProfileViewController.swift */; };
		97EC9B4F232DB43F0060B1BD /* SegueFromRight.swift in Sources */ = {isa = PBXBuildFile; fileRef = 97EC9B4E232DB43F0060B1BD /* SegueFromRight.swift */; };
		97EC9B51232DB4450060B1BD /* SegueFromLeft.swift in Sources */ = {isa = PBXBuildFile; fileRef = 97EC9B50232DB4440060B1BD /* SegueFromLeft.swift */; };
		97EC9B55232DDA6D0060B1BD /* ViewControllerTableViewCell.swift in Sources */ = {isa = PBXBuildFile; fileRef = 97EC9B54232DDA6D0060B1BD /* ViewControllerTableViewCell.swift */; };
		97EC9B57232DDAFA0060B1BD /* storeModel.swift in Sources */ = {isa = PBXBuildFile; fileRef = 97EC9B56232DDAFA0060B1BD /* storeModel.swift */; };
		97EC9B59232E26180060B1BD /* DeliveryViewController.swift in Sources */ = {isa = PBXBuildFile; fileRef = 97EC9B58232E26180060B1BD /* DeliveryViewController.swift */; };
		97EC9B5D232E363A0060B1BD /* orderModel.swift in Sources */ = {isa = PBXBuildFile; fileRef = 97EC9B5C232E363A0060B1BD /* orderModel.swift */; };
		97FD3A6A232D45E500E6683B /* AppDelegate.swift in Sources */ = {isa = PBXBuildFile; fileRef = 97FD3A69232D45E500E6683B /* AppDelegate.swift */; };
		97FD3A6F232D45E500E6683B /* Main.storyboard in Resources */ = {isa = PBXBuildFile; fileRef = 97FD3A6D232D45E500E6683B /* Main.storyboard */; };
		97FD3A71232D45E600E6683B /* Assets.xcassets in Resources */ = {isa = PBXBuildFile; fileRef = 97FD3A70232D45E600E6683B /* Assets.xcassets */; };
		97FD3A74232D45E600E6683B /* LaunchScreen.storyboard in Resources */ = {isa = PBXBuildFile; fileRef = 97FD3A72232D45E600E6683B /* LaunchScreen.storyboard */; };
		97FD3A7F232D45E600E6683B /* Boiler_BagTests.swift in Sources */ = {isa = PBXBuildFile; fileRef = 97FD3A7E232D45E600E6683B /* Boiler_BagTests.swift */; };
		97FD3A8A232D45E600E6683B /* Boiler_BagUITests.swift in Sources */ = {isa = PBXBuildFile; fileRef = 97FD3A89232D45E600E6683B /* Boiler_BagUITests.swift */; };
		B85031DE8895945770AC58F3 /* Pods_Boiler_BagTests.framework in Frameworks */ = {isa = PBXBuildFile; fileRef = 7D51D39F57CA6B2441999A79 /* Pods_Boiler_BagTests.framework */; };
/* End PBXBuildFile section */

/* Begin PBXContainerItemProxy section */
		97FD3A7B232D45E600E6683B /* PBXContainerItemProxy */ = {
			isa = PBXContainerItemProxy;
			containerPortal = 97FD3A5E232D45E500E6683B /* Project object */;
			proxyType = 1;
			remoteGlobalIDString = 97FD3A65232D45E500E6683B;
			remoteInfo = "Boiler Bag";
		};
		97FD3A86232D45E600E6683B /* PBXContainerItemProxy */ = {
			isa = PBXContainerItemProxy;
			containerPortal = 97FD3A5E232D45E500E6683B /* Project object */;
			proxyType = 1;
			remoteGlobalIDString = 97FD3A65232D45E500E6683B;
			remoteInfo = "Boiler Bag";
		};
/* End PBXContainerItemProxy section */

/* Begin PBXFileReference section */
		11E497B2B77EC78E8344D376 /* Pods-Boiler BagTests.release.xcconfig */ = {isa = PBXFileReference; includeInIndex = 1; lastKnownFileType = text.xcconfig; name = "Pods-Boiler BagTests.release.xcconfig"; path = "Target Support Files/Pods-Boiler BagTests/Pods-Boiler BagTests.release.xcconfig"; sourceTree = "<group>"; };
		29B82BD39337AFB7B82161ED /* Pods_Boiler_Bag.framework */ = {isa = PBXFileReference; explicitFileType = wrapper.framework; includeInIndex = 0; path = Pods_Boiler_Bag.framework; sourceTree = BUILT_PRODUCTS_DIR; };
		5538A4B3CF496D87A419EE87 /* Pods-Boiler Bag.release.xcconfig */ = {isa = PBXFileReference; includeInIndex = 1; lastKnownFileType = text.xcconfig; name = "Pods-Boiler Bag.release.xcconfig"; path = "Target Support Files/Pods-Boiler Bag/Pods-Boiler Bag.release.xcconfig"; sourceTree = "<group>"; };
		7D51D39F57CA6B2441999A79 /* Pods_Boiler_BagTests.framework */ = {isa = PBXFileReference; explicitFileType = wrapper.framework; includeInIndex = 0; path = Pods_Boiler_BagTests.framework; sourceTree = BUILT_PRODUCTS_DIR; };
		972CB258232D7FB400D061E3 /* GoogleService-Info.plist */ = {isa = PBXFileReference; fileEncoding = 4; lastKnownFileType = text.plist.xml; path = "GoogleService-Info.plist"; sourceTree = "<group>"; };
		9786C049232E46A300FD2B7F /* orderDetialViewController.swift */ = {isa = PBXFileReference; lastKnownFileType = sourcecode.swift; path = orderDetialViewController.swift; sourceTree = "<group>"; };
		978BA00D232D6C0600A2FE9F /* Poppins-RegularItalic.ttf */ = {isa = PBXFileReference; lastKnownFileType = file; path = "Poppins-RegularItalic.ttf"; sourceTree = "<group>"; };
		978BA00E232D6C0600A2FE9F /* Poppins-ThinItalic.ttf */ = {isa = PBXFileReference; lastKnownFileType = file; path = "Poppins-ThinItalic.ttf"; sourceTree = "<group>"; };
		978BA00F232D6C0600A2FE9F /* Poppins-Black.ttf */ = {isa = PBXFileReference; lastKnownFileType = file; path = "Poppins-Black.ttf"; sourceTree = "<group>"; };
		978BA010232D6C0600A2FE9F /* Poppins-ExtraBoldItalic.ttf */ = {isa = PBXFileReference; lastKnownFileType = file; path = "Poppins-ExtraBoldItalic.ttf"; sourceTree = "<group>"; };
		978BA011232D6C0600A2FE9F /* Poppins-MediumItalic.ttf */ = {isa = PBXFileReference; lastKnownFileType = file; path = "Poppins-MediumItalic.ttf"; sourceTree = "<group>"; };
		978BA012232D6C0600A2FE9F /* Poppins-Bold.ttf */ = {isa = PBXFileReference; lastKnownFileType = file; path = "Poppins-Bold.ttf"; sourceTree = "<group>"; };
		978BA013232D6C0600A2FE9F /* Poppins-Regular.ttf */ = {isa = PBXFileReference; lastKnownFileType = file; path = "Poppins-Regular.ttf"; sourceTree = "<group>"; };
		978BA014232D6C0600A2FE9F /* Poppins-Medium.ttf */ = {isa = PBXFileReference; lastKnownFileType = file; path = "Poppins-Medium.ttf"; sourceTree = "<group>"; };
		978BA015232D6C0600A2FE9F /* Poppins-Thin.ttf */ = {isa = PBXFileReference; lastKnownFileType = file; path = "Poppins-Thin.ttf"; sourceTree = "<group>"; };
		978BA016232D6C0600A2FE9F /* Poppins-SemiBoldItalic.ttf */ = {isa = PBXFileReference; lastKnownFileType = file; path = "Poppins-SemiBoldItalic.ttf"; sourceTree = "<group>"; };
		978BA017232D6C0600A2FE9F /* Poppins-ExtraLight.ttf */ = {isa = PBXFileReference; lastKnownFileType = file; path = "Poppins-ExtraLight.ttf"; sourceTree = "<group>"; };
		978BA018232D6C0700A2FE9F /* Poppins-BlackItalic.ttf */ = {isa = PBXFileReference; lastKnownFileType = file; path = "Poppins-BlackItalic.ttf"; sourceTree = "<group>"; };
		978BA019232D6C0700A2FE9F /* Poppins-BoldItalic.ttf */ = {isa = PBXFileReference; lastKnownFileType = file; path = "Poppins-BoldItalic.ttf"; sourceTree = "<group>"; };
		978BA01A232D6C0700A2FE9F /* Poppins-Light.ttf */ = {isa = PBXFileReference; lastKnownFileType = file; path = "Poppins-Light.ttf"; sourceTree = "<group>"; };
		978BA01B232D6C0700A2FE9F /* Poppins-LightItalic.ttf */ = {isa = PBXFileReference; lastKnownFileType = file; path = "Poppins-LightItalic.ttf"; sourceTree = "<group>"; };
		978BA01C232D6C0700A2FE9F /* Poppins-SemiBold.ttf */ = {isa = PBXFileReference; lastKnownFileType = file; path = "Poppins-SemiBold.ttf"; sourceTree = "<group>"; };
		978BA01D232D6C0700A2FE9F /* Poppins-ExtraLightItalic.ttf */ = {isa = PBXFileReference; lastKnownFileType = file; path = "Poppins-ExtraLightItalic.ttf"; sourceTree = "<group>"; };
		978BA01E232D6C0700A2FE9F /* Poppins-ExtraBold.ttf */ = {isa = PBXFileReference; lastKnownFileType = file; path = "Poppins-ExtraBold.ttf"; sourceTree = "<group>"; };
		978BA031232D6C1300A2FE9F /* Inter-ExtraLight-BETA.otf */ = {isa = PBXFileReference; lastKnownFileType = file; path = "Inter-ExtraLight-BETA.otf"; sourceTree = "<group>"; };
		978BA032232D6C1300A2FE9F /* Inter-Italic.otf */ = {isa = PBXFileReference; lastKnownFileType = file; path = "Inter-Italic.otf"; sourceTree = "<group>"; };
		978BA033232D6C1300A2FE9F /* Inter-Bold.otf */ = {isa = PBXFileReference; lastKnownFileType = file; path = "Inter-Bold.otf"; sourceTree = "<group>"; };
		978BA034232D6C1400A2FE9F /* Inter-Light-BETA.otf */ = {isa = PBXFileReference; lastKnownFileType = file; path = "Inter-Light-BETA.otf"; sourceTree = "<group>"; };
		978BA035232D6C1400A2FE9F /* Inter-Black.otf */ = {isa = PBXFileReference; lastKnownFileType = file; path = "Inter-Black.otf"; sourceTree = "<group>"; };
		978BA036232D6C1400A2FE9F /* Inter-MediumItalic.otf */ = {isa = PBXFileReference; lastKnownFileType = file; path = "Inter-MediumItalic.otf"; sourceTree = "<group>"; };
		978BA037232D6C1400A2FE9F /* Inter-ExtraLightItalic-BETA.otf */ = {isa = PBXFileReference; lastKnownFileType = file; path = "Inter-ExtraLightItalic-BETA.otf"; sourceTree = "<group>"; };
		978BA038232D6C1400A2FE9F /* Inter-Regular.otf */ = {isa = PBXFileReference; lastKnownFileType = file; path = "Inter-Regular.otf"; sourceTree = "<group>"; };
		978BA039232D6C1400A2FE9F /* Inter-BoldItalic.otf */ = {isa = PBXFileReference; lastKnownFileType = file; path = "Inter-BoldItalic.otf"; sourceTree = "<group>"; };
		978BA03A232D6C1400A2FE9F /* Inter-BlackItalic.otf */ = {isa = PBXFileReference; lastKnownFileType = file; path = "Inter-BlackItalic.otf"; sourceTree = "<group>"; };
		978BA03B232D6C1400A2FE9F /* Inter-ExtraBold.otf */ = {isa = PBXFileReference; lastKnownFileType = file; path = "Inter-ExtraBold.otf"; sourceTree = "<group>"; };
		978BA03C232D6C1400A2FE9F /* Inter-SemiBoldItalic.otf */ = {isa = PBXFileReference; lastKnownFileType = file; path = "Inter-SemiBoldItalic.otf"; sourceTree = "<group>"; };
		978BA03D232D6C1400A2FE9F /* Inter-Thin-BETA.otf */ = {isa = PBXFileReference; lastKnownFileType = file; path = "Inter-Thin-BETA.otf"; sourceTree = "<group>"; };
		978BA03E232D6C1400A2FE9F /* Inter-SemiBold.otf */ = {isa = PBXFileReference; lastKnownFileType = file; path = "Inter-SemiBold.otf"; sourceTree = "<group>"; };
		978BA03F232D6C1400A2FE9F /* Inter-LightItalic-BETA.otf */ = {isa = PBXFileReference; lastKnownFileType = file; path = "Inter-LightItalic-BETA.otf"; sourceTree = "<group>"; };
		978BA040232D6C1500A2FE9F /* Inter-ExtraBoldItalic.otf */ = {isa = PBXFileReference; lastKnownFileType = file; path = "Inter-ExtraBoldItalic.otf"; sourceTree = "<group>"; };
		978BA041232D6C1500A2FE9F /* Inter-ThinItalic-BETA.otf */ = {isa = PBXFileReference; lastKnownFileType = file; path = "Inter-ThinItalic-BETA.otf"; sourceTree = "<group>"; };
		978BA042232D6C1500A2FE9F /* Inter-Medium.otf */ = {isa = PBXFileReference; lastKnownFileType = file; path = "Inter-Medium.otf"; sourceTree = "<group>"; };
		97B24A32232D8B4200BCE146 /* logInViewController.swift */ = {isa = PBXFileReference; lastKnownFileType = sourcecode.swift; path = logInViewController.swift; sourceTree = "<group>"; };
		97B24A34232D8B4E00BCE146 /* signUpViewController.swift */ = {isa = PBXFileReference; lastKnownFileType = sourcecode.swift; path = signUpViewController.swift; sourceTree = "<group>"; };
		97C9AB91232D799C00EA7D46 /* StoreViewController.swift */ = {isa = PBXFileReference; lastKnownFileType = sourcecode.swift; path = StoreViewController.swift; sourceTree = "<group>"; };
		97EC9B4A232D985F0060B1BD /* rootViewController.swift */ = {isa = PBXFileReference; lastKnownFileType = sourcecode.swift; path = rootViewController.swift; sourceTree = "<group>"; };
		97EC9B4C232DB1790060B1BD /* StoreProfileViewController.swift */ = {isa = PBXFileReference; lastKnownFileType = sourcecode.swift; path = StoreProfileViewController.swift; sourceTree = "<group>"; };
		97EC9B4E232DB43F0060B1BD /* SegueFromRight.swift */ = {isa = PBXFileReference; fileEncoding = 4; lastKnownFileType = sourcecode.swift; path = SegueFromRight.swift; sourceTree = "<group>"; };
		97EC9B50232DB4440060B1BD /* SegueFromLeft.swift */ = {isa = PBXFileReference; fileEncoding = 4; lastKnownFileType = sourcecode.swift; path = SegueFromLeft.swift; sourceTree = "<group>"; };
		97EC9B54232DDA6D0060B1BD /* ViewControllerTableViewCell.swift */ = {isa = PBXFileReference; lastKnownFileType = sourcecode.swift; path = ViewControllerTableViewCell.swift; sourceTree = "<group>"; };
		97EC9B56232DDAFA0060B1BD /* storeModel.swift */ = {isa = PBXFileReference; lastKnownFileType = sourcecode.swift; path = storeModel.swift; sourceTree = "<group>"; };
		97EC9B58232E26180060B1BD /* DeliveryViewController.swift */ = {isa = PBXFileReference; lastKnownFileType = sourcecode.swift; path = DeliveryViewController.swift; sourceTree = "<group>"; };
		97EC9B5C232E363A0060B1BD /* orderModel.swift */ = {isa = PBXFileReference; lastKnownFileType = sourcecode.swift; path = orderModel.swift; sourceTree = "<group>"; };
		97FD3A66232D45E500E6683B /* Boiler Bag.app */ = {isa = PBXFileReference; explicitFileType = wrapper.application; includeInIndex = 0; path = "Boiler Bag.app"; sourceTree = BUILT_PRODUCTS_DIR; };
		97FD3A69232D45E500E6683B /* AppDelegate.swift */ = {isa = PBXFileReference; lastKnownFileType = sourcecode.swift; path = AppDelegate.swift; sourceTree = "<group>"; };
		97FD3A6E232D45E500E6683B /* Base */ = {isa = PBXFileReference; lastKnownFileType = file.storyboard; name = Base; path = Base.lproj/Main.storyboard; sourceTree = "<group>"; };
		97FD3A70232D45E600E6683B /* Assets.xcassets */ = {isa = PBXFileReference; lastKnownFileType = folder.assetcatalog; path = Assets.xcassets; sourceTree = "<group>"; };
		97FD3A73232D45E600E6683B /* Base */ = {isa = PBXFileReference; lastKnownFileType = file.storyboard; name = Base; path = Base.lproj/LaunchScreen.storyboard; sourceTree = "<group>"; };
		97FD3A75232D45E600E6683B /* Info.plist */ = {isa = PBXFileReference; lastKnownFileType = text.plist.xml; path = Info.plist; sourceTree = "<group>"; };
		97FD3A7A232D45E600E6683B /* Boiler BagTests.xctest */ = {isa = PBXFileReference; explicitFileType = wrapper.cfbundle; includeInIndex = 0; path = "Boiler BagTests.xctest"; sourceTree = BUILT_PRODUCTS_DIR; };
		97FD3A7E232D45E600E6683B /* Boiler_BagTests.swift */ = {isa = PBXFileReference; lastKnownFileType = sourcecode.swift; path = Boiler_BagTests.swift; sourceTree = "<group>"; };
		97FD3A80232D45E600E6683B /* Info.plist */ = {isa = PBXFileReference; lastKnownFileType = text.plist.xml; path = Info.plist; sourceTree = "<group>"; };
		97FD3A85232D45E600E6683B /* Boiler BagUITests.xctest */ = {isa = PBXFileReference; explicitFileType = wrapper.cfbundle; includeInIndex = 0; path = "Boiler BagUITests.xctest"; sourceTree = BUILT_PRODUCTS_DIR; };
		97FD3A89232D45E600E6683B /* Boiler_BagUITests.swift */ = {isa = PBXFileReference; lastKnownFileType = sourcecode.swift; path = Boiler_BagUITests.swift; sourceTree = "<group>"; };
		97FD3A8B232D45E600E6683B /* Info.plist */ = {isa = PBXFileReference; lastKnownFileType = text.plist.xml; path = Info.plist; sourceTree = "<group>"; };
		ACDD50E0C333A4E948CCC99D /* Pods-Boiler Bag.debug.xcconfig */ = {isa = PBXFileReference; includeInIndex = 1; lastKnownFileType = text.xcconfig; name = "Pods-Boiler Bag.debug.xcconfig"; path = "Target Support Files/Pods-Boiler Bag/Pods-Boiler Bag.debug.xcconfig"; sourceTree = "<group>"; };
		B0C0C24C5112202851FFC6DE /* Pods_Boiler_BagUITests.framework */ = {isa = PBXFileReference; explicitFileType = wrapper.framework; includeInIndex = 0; path = Pods_Boiler_BagUITests.framework; sourceTree = BUILT_PRODUCTS_DIR; };
		B185500ADB6BC70F73EFDD60 /* Pods-Boiler BagUITests.release.xcconfig */ = {isa = PBXFileReference; includeInIndex = 1; lastKnownFileType = text.xcconfig; name = "Pods-Boiler BagUITests.release.xcconfig"; path = "Target Support Files/Pods-Boiler BagUITests/Pods-Boiler BagUITests.release.xcconfig"; sourceTree = "<group>"; };
		D5C38B6255DC824B84BA3561 /* Pods-Boiler BagUITests.debug.xcconfig */ = {isa = PBXFileReference; includeInIndex = 1; lastKnownFileType = text.xcconfig; name = "Pods-Boiler BagUITests.debug.xcconfig"; path = "Target Support Files/Pods-Boiler BagUITests/Pods-Boiler BagUITests.debug.xcconfig"; sourceTree = "<group>"; };
		E47A87D69045478B863B286D /* Pods-Boiler BagTests.debug.xcconfig */ = {isa = PBXFileReference; includeInIndex = 1; lastKnownFileType = text.xcconfig; name = "Pods-Boiler BagTests.debug.xcconfig"; path = "Target Support Files/Pods-Boiler BagTests/Pods-Boiler BagTests.debug.xcconfig"; sourceTree = "<group>"; };
/* End PBXFileReference section */

/* Begin PBXFrameworksBuildPhase section */
		97FD3A63232D45E500E6683B /* Frameworks */ = {
			isa = PBXFrameworksBuildPhase;
			buildActionMask = 2147483647;
			files = (
				0539FB7E5693CC6F260D123F /* Pods_Boiler_Bag.framework in Frameworks */,
			);
			runOnlyForDeploymentPostprocessing = 0;
		};
		97FD3A77232D45E600E6683B /* Frameworks */ = {
			isa = PBXFrameworksBuildPhase;
			buildActionMask = 2147483647;
			files = (
				B85031DE8895945770AC58F3 /* Pods_Boiler_BagTests.framework in Frameworks */,
			);
			runOnlyForDeploymentPostprocessing = 0;
		};
		97FD3A82232D45E600E6683B /* Frameworks */ = {
			isa = PBXFrameworksBuildPhase;
			buildActionMask = 2147483647;
			files = (
				89169C9E487BAA2F063C440C /* Pods_Boiler_BagUITests.framework in Frameworks */,
			);
			runOnlyForDeploymentPostprocessing = 0;
		};
/* End PBXFrameworksBuildPhase section */

/* Begin PBXGroup section */
		8E3771AA0E454BDFBB06EC7F /* Frameworks */ = {
			isa = PBXGroup;
			children = (
				29B82BD39337AFB7B82161ED /* Pods_Boiler_Bag.framework */,
				7D51D39F57CA6B2441999A79 /* Pods_Boiler_BagTests.framework */,
				B0C0C24C5112202851FFC6DE /* Pods_Boiler_BagUITests.framework */,
			);
			name = Frameworks;
			sourceTree = "<group>";
		};
		978B9FE8232D6AB500A2FE9F /* New Group */ = {
			isa = PBXGroup;
			children = (
				978BA035232D6C1400A2FE9F /* Inter-Black.otf */,
				978BA03A232D6C1400A2FE9F /* Inter-BlackItalic.otf */,
				978BA033232D6C1300A2FE9F /* Inter-Bold.otf */,
				978BA039232D6C1400A2FE9F /* Inter-BoldItalic.otf */,
				978BA03B232D6C1400A2FE9F /* Inter-ExtraBold.otf */,
				978BA040232D6C1500A2FE9F /* Inter-ExtraBoldItalic.otf */,
				978BA031232D6C1300A2FE9F /* Inter-ExtraLight-BETA.otf */,
				978BA037232D6C1400A2FE9F /* Inter-ExtraLightItalic-BETA.otf */,
				978BA032232D6C1300A2FE9F /* Inter-Italic.otf */,
				978BA034232D6C1400A2FE9F /* Inter-Light-BETA.otf */,
				978BA03F232D6C1400A2FE9F /* Inter-LightItalic-BETA.otf */,
				978BA042232D6C1500A2FE9F /* Inter-Medium.otf */,
				978BA036232D6C1400A2FE9F /* Inter-MediumItalic.otf */,
				978BA038232D6C1400A2FE9F /* Inter-Regular.otf */,
				978BA03E232D6C1400A2FE9F /* Inter-SemiBold.otf */,
				978BA03C232D6C1400A2FE9F /* Inter-SemiBoldItalic.otf */,
				978BA03D232D6C1400A2FE9F /* Inter-Thin-BETA.otf */,
				978BA041232D6C1500A2FE9F /* Inter-ThinItalic-BETA.otf */,
				978BA00F232D6C0600A2FE9F /* Poppins-Black.ttf */,
				978BA018232D6C0700A2FE9F /* Poppins-BlackItalic.ttf */,
				978BA012232D6C0600A2FE9F /* Poppins-Bold.ttf */,
				978BA019232D6C0700A2FE9F /* Poppins-BoldItalic.ttf */,
				978BA01E232D6C0700A2FE9F /* Poppins-ExtraBold.ttf */,
				978BA010232D6C0600A2FE9F /* Poppins-ExtraBoldItalic.ttf */,
				978BA017232D6C0600A2FE9F /* Poppins-ExtraLight.ttf */,
				978BA01D232D6C0700A2FE9F /* Poppins-ExtraLightItalic.ttf */,
				978BA01A232D6C0700A2FE9F /* Poppins-Light.ttf */,
				978BA01B232D6C0700A2FE9F /* Poppins-LightItalic.ttf */,
				978BA014232D6C0600A2FE9F /* Poppins-Medium.ttf */,
				978BA011232D6C0600A2FE9F /* Poppins-MediumItalic.ttf */,
				978BA013232D6C0600A2FE9F /* Poppins-Regular.ttf */,
				978BA00D232D6C0600A2FE9F /* Poppins-RegularItalic.ttf */,
				978BA01C232D6C0700A2FE9F /* Poppins-SemiBold.ttf */,
				978BA016232D6C0600A2FE9F /* Poppins-SemiBoldItalic.ttf */,
				978BA015232D6C0600A2FE9F /* Poppins-Thin.ttf */,
				978BA00E232D6C0600A2FE9F /* Poppins-ThinItalic.ttf */,
			);
			path = "New Group";
			sourceTree = "<group>";
		};
		97FD3A5D232D45E500E6683B = {
			isa = PBXGroup;
			children = (
				97FD3A68232D45E500E6683B /* Boiler Bag */,
				97FD3A7D232D45E600E6683B /* Boiler BagTests */,
				97FD3A88232D45E600E6683B /* Boiler BagUITests */,
				97FD3A67232D45E500E6683B /* Products */,
				F01C1A26F8FA0068EE03CE82 /* Pods */,
				8E3771AA0E454BDFBB06EC7F /* Frameworks */,
			);
			sourceTree = "<group>";
		};
		97FD3A67232D45E500E6683B /* Products */ = {
			isa = PBXGroup;
			children = (
				97FD3A66232D45E500E6683B /* Boiler Bag.app */,
				97FD3A7A232D45E600E6683B /* Boiler BagTests.xctest */,
				97FD3A85232D45E600E6683B /* Boiler BagUITests.xctest */,
			);
			name = Products;
			sourceTree = "<group>";
		};
		97FD3A68232D45E500E6683B /* Boiler Bag */ = {
			isa = PBXGroup;
			children = (
				978B9FE8232D6AB500A2FE9F /* New Group */,
				97FD3A69232D45E500E6683B /* AppDelegate.swift */,
				97C9AB91232D799C00EA7D46 /* StoreViewController.swift */,
				97EC9B54232DDA6D0060B1BD /* ViewControllerTableViewCell.swift */,
				97EC9B4C232DB1790060B1BD /* StoreProfileViewController.swift */,
				97EC9B58232E26180060B1BD /* DeliveryViewController.swift */,
				97EC9B56232DDAFA0060B1BD /* storeModel.swift */,
				97EC9B5C232E363A0060B1BD /* orderModel.swift */,
				97FD3A6D232D45E500E6683B /* Main.storyboard */,
				9786C049232E46A300FD2B7F /* orderDetialViewController.swift */,
				97EC9B4A232D985F0060B1BD /* rootViewController.swift */,
				97B24A32232D8B4200BCE146 /* logInViewController.swift */,
				97EC9B4E232DB43F0060B1BD /* SegueFromRight.swift */,
				97EC9B50232DB4440060B1BD /* SegueFromLeft.swift */,
				97B24A34232D8B4E00BCE146 /* signUpViewController.swift */,
				97FD3A70232D45E600E6683B /* Assets.xcassets */,
				97FD3A72232D45E600E6683B /* LaunchScreen.storyboard */,
				97FD3A75232D45E600E6683B /* Info.plist */,
				972CB258232D7FB400D061E3 /* GoogleService-Info.plist */,
			);
			path = "Boiler Bag";
			sourceTree = "<group>";
		};
		97FD3A7D232D45E600E6683B /* Boiler BagTests */ = {
			isa = PBXGroup;
			children = (
				97FD3A7E232D45E600E6683B /* Boiler_BagTests.swift */,
				97FD3A80232D45E600E6683B /* Info.plist */,
			);
			path = "Boiler BagTests";
			sourceTree = "<group>";
		};
		97FD3A88232D45E600E6683B /* Boiler BagUITests */ = {
			isa = PBXGroup;
			children = (
				97FD3A89232D45E600E6683B /* Boiler_BagUITests.swift */,
				97FD3A8B232D45E600E6683B /* Info.plist */,
			);
			path = "Boiler BagUITests";
			sourceTree = "<group>";
		};
		F01C1A26F8FA0068EE03CE82 /* Pods */ = {
			isa = PBXGroup;
			children = (
				ACDD50E0C333A4E948CCC99D /* Pods-Boiler Bag.debug.xcconfig */,
				5538A4B3CF496D87A419EE87 /* Pods-Boiler Bag.release.xcconfig */,
				E47A87D69045478B863B286D /* Pods-Boiler BagTests.debug.xcconfig */,
				11E497B2B77EC78E8344D376 /* Pods-Boiler BagTests.release.xcconfig */,
				D5C38B6255DC824B84BA3561 /* Pods-Boiler BagUITests.debug.xcconfig */,
				B185500ADB6BC70F73EFDD60 /* Pods-Boiler BagUITests.release.xcconfig */,
			);
			path = Pods;
			sourceTree = "<group>";
		};
/* End PBXGroup section */

/* Begin PBXNativeTarget section */
		97FD3A65232D45E500E6683B /* Boiler Bag */ = {
			isa = PBXNativeTarget;
			buildConfigurationList = 97FD3A8E232D45E600E6683B /* Build configuration list for PBXNativeTarget "Boiler Bag" */;
			buildPhases = (
				70485F0DE83E5ECCF35C5AB7 /* [CP] Check Pods Manifest.lock */,
				97FD3A62232D45E500E6683B /* Sources */,
				97FD3A63232D45E500E6683B /* Frameworks */,
				97FD3A64232D45E500E6683B /* Resources */,
				BE74D969C3C60D54D3EFC4ED /* [CP] Embed Pods Frameworks */,
			);
			buildRules = (
			);
			dependencies = (
			);
			name = "Boiler Bag";
			productName = "Boiler Bag";
			productReference = 97FD3A66232D45E500E6683B /* Boiler Bag.app */;
			productType = "com.apple.product-type.application";
		};
		97FD3A79232D45E600E6683B /* Boiler BagTests */ = {
			isa = PBXNativeTarget;
			buildConfigurationList = 97FD3A91232D45E600E6683B /* Build configuration list for PBXNativeTarget "Boiler BagTests" */;
			buildPhases = (
				4900BC45FC86CF6DD9370EA7 /* [CP] Check Pods Manifest.lock */,
				97FD3A76232D45E600E6683B /* Sources */,
				97FD3A77232D45E600E6683B /* Frameworks */,
				97FD3A78232D45E600E6683B /* Resources */,
			);
			buildRules = (
			);
			dependencies = (
				97FD3A7C232D45E600E6683B /* PBXTargetDependency */,
			);
			name = "Boiler BagTests";
			productName = "Boiler BagTests";
			productReference = 97FD3A7A232D45E600E6683B /* Boiler BagTests.xctest */;
			productType = "com.apple.product-type.bundle.unit-test";
		};
		97FD3A84232D45E600E6683B /* Boiler BagUITests */ = {
			isa = PBXNativeTarget;
			buildConfigurationList = 97FD3A94232D45E600E6683B /* Build configuration list for PBXNativeTarget "Boiler BagUITests" */;
			buildPhases = (
				616926081EF6D9E9E6AFF601 /* [CP] Check Pods Manifest.lock */,
				97FD3A81232D45E600E6683B /* Sources */,
				97FD3A82232D45E600E6683B /* Frameworks */,
				97FD3A83232D45E600E6683B /* Resources */,
			);
			buildRules = (
			);
			dependencies = (
				97FD3A87232D45E600E6683B /* PBXTargetDependency */,
			);
			name = "Boiler BagUITests";
			productName = "Boiler BagUITests";
			productReference = 97FD3A85232D45E600E6683B /* Boiler BagUITests.xctest */;
			productType = "com.apple.product-type.bundle.ui-testing";
		};
/* End PBXNativeTarget section */

/* Begin PBXProject section */
		97FD3A5E232D45E500E6683B /* Project object */ = {
			isa = PBXProject;
			attributes = {
				LastSwiftUpdateCheck = 1030;
				LastUpgradeCheck = 1030;
				ORGANIZATIONNAME = "hello world";
				TargetAttributes = {
					97FD3A65232D45E500E6683B = {
						CreatedOnToolsVersion = 10.3;
					};
					97FD3A79232D45E600E6683B = {
						CreatedOnToolsVersion = 10.3;
						TestTargetID = 97FD3A65232D45E500E6683B;
					};
					97FD3A84232D45E600E6683B = {
						CreatedOnToolsVersion = 10.3;
						TestTargetID = 97FD3A65232D45E500E6683B;
					};
				};
			};
			buildConfigurationList = 97FD3A61232D45E500E6683B /* Build configuration list for PBXProject "Boiler Bag" */;
			compatibilityVersion = "Xcode 9.3";
			developmentRegion = en;
			hasScannedForEncodings = 0;
			knownRegions = (
				en,
				Base,
			);
			mainGroup = 97FD3A5D232D45E500E6683B;
			productRefGroup = 97FD3A67232D45E500E6683B /* Products */;
			projectDirPath = "";
			projectRoot = "";
			targets = (
				97FD3A65232D45E500E6683B /* Boiler Bag */,
				97FD3A79232D45E600E6683B /* Boiler BagTests */,
				97FD3A84232D45E600E6683B /* Boiler BagUITests */,
			);
		};
/* End PBXProject section */

/* Begin PBXResourcesBuildPhase section */
		97FD3A64232D45E500E6683B /* Resources */ = {
			isa = PBXResourcesBuildPhase;
			buildActionMask = 2147483647;
			files = (
				978BA021232D6C0700A2FE9F /* Poppins-Black.ttf in Resources */,
				978BA02C232D6C0700A2FE9F /* Poppins-Light.ttf in Resources */,
				978BA024232D6C0700A2FE9F /* Poppins-Bold.ttf in Resources */,
				978BA026232D6C0700A2FE9F /* Poppins-Medium.ttf in Resources */,
				978BA047232D6C1500A2FE9F /* Inter-Black.otf in Resources */,
				978BA04F232D6C1500A2FE9F /* Inter-Thin-BETA.otf in Resources */,
				978BA028232D6C0700A2FE9F /* Poppins-SemiBoldItalic.ttf in Resources */,
				978BA045232D6C1500A2FE9F /* Inter-Bold.otf in Resources */,
				978BA050232D6C1500A2FE9F /* Inter-SemiBold.otf in Resources */,
				978BA02E232D6C0700A2FE9F /* Poppins-SemiBold.ttf in Resources */,
				978BA023232D6C0700A2FE9F /* Poppins-MediumItalic.ttf in Resources */,
				978BA051232D6C1500A2FE9F /* Inter-LightItalic-BETA.otf in Resources */,
				97FD3A74232D45E600E6683B /* LaunchScreen.storyboard in Resources */,
				978BA02D232D6C0700A2FE9F /* Poppins-LightItalic.ttf in Resources */,
				978BA029232D6C0700A2FE9F /* Poppins-ExtraLight.ttf in Resources */,
				978BA049232D6C1500A2FE9F /* Inter-ExtraLightItalic-BETA.otf in Resources */,
				978BA030232D6C0700A2FE9F /* Poppins-ExtraBold.ttf in Resources */,
				972CB259232D7FB400D061E3 /* GoogleService-Info.plist in Resources */,
				978BA044232D6C1500A2FE9F /* Inter-Italic.otf in Resources */,
				978BA02A232D6C0700A2FE9F /* Poppins-BlackItalic.ttf in Resources */,
				97FD3A71232D45E600E6683B /* Assets.xcassets in Resources */,
				978BA048232D6C1500A2FE9F /* Inter-MediumItalic.otf in Resources */,
				978BA02F232D6C0700A2FE9F /* Poppins-ExtraLightItalic.ttf in Resources */,
				978BA04B232D6C1500A2FE9F /* Inter-BoldItalic.otf in Resources */,
				978BA043232D6C1500A2FE9F /* Inter-ExtraLight-BETA.otf in Resources */,
				978BA04A232D6C1500A2FE9F /* Inter-Regular.otf in Resources */,
				978BA054232D6C1500A2FE9F /* Inter-Medium.otf in Resources */,
				978BA022232D6C0700A2FE9F /* Poppins-ExtraBoldItalic.ttf in Resources */,
				978BA020232D6C0700A2FE9F /* Poppins-ThinItalic.ttf in Resources */,
				978BA046232D6C1500A2FE9F /* Inter-Light-BETA.otf in Resources */,
				97FD3A6F232D45E500E6683B /* Main.storyboard in Resources */,
				978BA027232D6C0700A2FE9F /* Poppins-Thin.ttf in Resources */,
				978BA052232D6C1500A2FE9F /* Inter-ExtraBoldItalic.otf in Resources */,
				978BA053232D6C1500A2FE9F /* Inter-ThinItalic-BETA.otf in Resources */,
				978BA01F232D6C0700A2FE9F /* Poppins-RegularItalic.ttf in Resources */,
				978BA025232D6C0700A2FE9F /* Poppins-Regular.ttf in Resources */,
				978BA04E232D6C1500A2FE9F /* Inter-SemiBoldItalic.otf in Resources */,
				978BA04C232D6C1500A2FE9F /* Inter-BlackItalic.otf in Resources */,
				978BA04D232D6C1500A2FE9F /* Inter-ExtraBold.otf in Resources */,
				978BA02B232D6C0700A2FE9F /* Poppins-BoldItalic.ttf in Resources */,
			);
			runOnlyForDeploymentPostprocessing = 0;
		};
		97FD3A78232D45E600E6683B /* Resources */ = {
			isa = PBXResourcesBuildPhase;
			buildActionMask = 2147483647;
			files = (
				972CB25A232D7FB400D061E3 /* GoogleService-Info.plist in Resources */,
			);
			runOnlyForDeploymentPostprocessing = 0;
		};
		97FD3A83232D45E600E6683B /* Resources */ = {
			isa = PBXResourcesBuildPhase;
			buildActionMask = 2147483647;
			files = (
				972CB25B232D7FB400D061E3 /* GoogleService-Info.plist in Resources */,
			);
			runOnlyForDeploymentPostprocessing = 0;
		};
/* End PBXResourcesBuildPhase section */

/* Begin PBXShellScriptBuildPhase section */
		4900BC45FC86CF6DD9370EA7 /* [CP] Check Pods Manifest.lock */ = {
			isa = PBXShellScriptBuildPhase;
			buildActionMask = 2147483647;
			files = (
			);
			inputFileListPaths = (
			);
			inputPaths = (
				"${PODS_PODFILE_DIR_PATH}/Podfile.lock",
				"${PODS_ROOT}/Manifest.lock",
			);
			name = "[CP] Check Pods Manifest.lock";
			outputFileListPaths = (
			);
			outputPaths = (
				"$(DERIVED_FILE_DIR)/Pods-Boiler BagTests-checkManifestLockResult.txt",
			);
			runOnlyForDeploymentPostprocessing = 0;
			shellPath = /bin/sh;
			shellScript = "diff \"${PODS_PODFILE_DIR_PATH}/Podfile.lock\" \"${PODS_ROOT}/Manifest.lock\" > /dev/null\nif [ $? != 0 ] ; then\n    # print error to STDERR\n    echo \"error: The sandbox is not in sync with the Podfile.lock. Run 'pod install' or update your CocoaPods installation.\" >&2\n    exit 1\nfi\n# This output is used by Xcode 'outputs' to avoid re-running this script phase.\necho \"SUCCESS\" > \"${SCRIPT_OUTPUT_FILE_0}\"\n";
			showEnvVarsInLog = 0;
		};
		616926081EF6D9E9E6AFF601 /* [CP] Check Pods Manifest.lock */ = {
			isa = PBXShellScriptBuildPhase;
			buildActionMask = 2147483647;
			files = (
			);
			inputFileListPaths = (
			);
			inputPaths = (
				"${PODS_PODFILE_DIR_PATH}/Podfile.lock",
				"${PODS_ROOT}/Manifest.lock",
			);
			name = "[CP] Check Pods Manifest.lock";
			outputFileListPaths = (
			);
			outputPaths = (
				"$(DERIVED_FILE_DIR)/Pods-Boiler BagUITests-checkManifestLockResult.txt",
			);
			runOnlyForDeploymentPostprocessing = 0;
			shellPath = /bin/sh;
			shellScript = "diff \"${PODS_PODFILE_DIR_PATH}/Podfile.lock\" \"${PODS_ROOT}/Manifest.lock\" > /dev/null\nif [ $? != 0 ] ; then\n    # print error to STDERR\n    echo \"error: The sandbox is not in sync with the Podfile.lock. Run 'pod install' or update your CocoaPods installation.\" >&2\n    exit 1\nfi\n# This output is used by Xcode 'outputs' to avoid re-running this script phase.\necho \"SUCCESS\" > \"${SCRIPT_OUTPUT_FILE_0}\"\n";
			showEnvVarsInLog = 0;
		};
		70485F0DE83E5ECCF35C5AB7 /* [CP] Check Pods Manifest.lock */ = {
			isa = PBXShellScriptBuildPhase;
			buildActionMask = 2147483647;
			files = (
			);
			inputFileListPaths = (
			);
			inputPaths = (
				"${PODS_PODFILE_DIR_PATH}/Podfile.lock",
				"${PODS_ROOT}/Manifest.lock",
			);
			name = "[CP] Check Pods Manifest.lock";
			outputFileListPaths = (
			);
			outputPaths = (
				"$(DERIVED_FILE_DIR)/Pods-Boiler Bag-checkManifestLockResult.txt",
			);
			runOnlyForDeploymentPostprocessing = 0;
			shellPath = /bin/sh;
			shellScript = "diff \"${PODS_PODFILE_DIR_PATH}/Podfile.lock\" \"${PODS_ROOT}/Manifest.lock\" > /dev/null\nif [ $? != 0 ] ; then\n    # print error to STDERR\n    echo \"error: The sandbox is not in sync with the Podfile.lock. Run 'pod install' or update your CocoaPods installation.\" >&2\n    exit 1\nfi\n# This output is used by Xcode 'outputs' to avoid re-running this script phase.\necho \"SUCCESS\" > \"${SCRIPT_OUTPUT_FILE_0}\"\n";
			showEnvVarsInLog = 0;
		};
		BE74D969C3C60D54D3EFC4ED /* [CP] Embed Pods Frameworks */ = {
			isa = PBXShellScriptBuildPhase;
			buildActionMask = 2147483647;
			files = (
			);
			inputFileListPaths = (
				"${PODS_ROOT}/Target Support Files/Pods-Boiler Bag/Pods-Boiler Bag-frameworks-${CONFIGURATION}-input-files.xcfilelist",
			);
			name = "[CP] Embed Pods Frameworks";
			outputFileListPaths = (
				"${PODS_ROOT}/Target Support Files/Pods-Boiler Bag/Pods-Boiler Bag-frameworks-${CONFIGURATION}-output-files.xcfilelist",
			);
			runOnlyForDeploymentPostprocessing = 0;
			shellPath = /bin/sh;
			shellScript = "\"${PODS_ROOT}/Target Support Files/Pods-Boiler Bag/Pods-Boiler Bag-frameworks.sh\"\n";
			showEnvVarsInLog = 0;
		};
/* End PBXShellScriptBuildPhase section */

/* Begin PBXSourcesBuildPhase section */
		97FD3A62232D45E500E6683B /* Sources */ = {
			isa = PBXSourcesBuildPhase;
			buildActionMask = 2147483647;
			files = (
				97EC9B4D232DB1790060B1BD /* StoreProfileViewController.swift in Sources */,
				97B24A35232D8B4E00BCE146 /* signUpViewController.swift in Sources */,
				97EC9B5D232E363A0060B1BD /* orderModel.swift in Sources */,
				97B24A33232D8B4200BCE146 /* logInViewController.swift in Sources */,
				97FD3A6A232D45E500E6683B /* AppDelegate.swift in Sources */,
				97EC9B4F232DB43F0060B1BD /* SegueFromRight.swift in Sources */,
				97EC9B57232DDAFA0060B1BD /* storeModel.swift in Sources */,
				97EC9B4B232D985F0060B1BD /* rootViewController.swift in Sources */,
				97EC9B51232DB4450060B1BD /* SegueFromLeft.swift in Sources */,
				97EC9B59232E26180060B1BD /* DeliveryViewController.swift in Sources */,
				9786C04A232E46A300FD2B7F /* orderDetialViewController.swift in Sources */,
				97C9AB92232D799C00EA7D46 /* StoreViewController.swift in Sources */,
				97EC9B55232DDA6D0060B1BD /* ViewControllerTableViewCell.swift in Sources */,
			);
			runOnlyForDeploymentPostprocessing = 0;
		};
		97FD3A76232D45E600E6683B /* Sources */ = {
			isa = PBXSourcesBuildPhase;
			buildActionMask = 2147483647;
			files = (
				97FD3A7F232D45E600E6683B /* Boiler_BagTests.swift in Sources */,
			);
			runOnlyForDeploymentPostprocessing = 0;
		};
		97FD3A81232D45E600E6683B /* Sources */ = {
			isa = PBXSourcesBuildPhase;
			buildActionMask = 2147483647;
			files = (
				97FD3A8A232D45E600E6683B /* Boiler_BagUITests.swift in Sources */,
			);
			runOnlyForDeploymentPostprocessing = 0;
		};
/* End PBXSourcesBuildPhase section */

/* Begin PBXTargetDependency section */
		97FD3A7C232D45E600E6683B /* PBXTargetDependency */ = {
			isa = PBXTargetDependency;
			target = 97FD3A65232D45E500E6683B /* Boiler Bag */;
			targetProxy = 97FD3A7B232D45E600E6683B /* PBXContainerItemProxy */;
		};
		97FD3A87232D45E600E6683B /* PBXTargetDependency */ = {
			isa = PBXTargetDependency;
			target = 97FD3A65232D45E500E6683B /* Boiler Bag */;
			targetProxy = 97FD3A86232D45E600E6683B /* PBXContainerItemProxy */;
		};
/* End PBXTargetDependency section */

/* Begin PBXVariantGroup section */
		97FD3A6D232D45E500E6683B /* Main.storyboard */ = {
			isa = PBXVariantGroup;
			children = (
				97FD3A6E232D45E500E6683B /* Base */,
			);
			name = Main.storyboard;
			sourceTree = "<group>";
		};
		97FD3A72232D45E600E6683B /* LaunchScreen.storyboard */ = {
			isa = PBXVariantGroup;
			children = (
				97FD3A73232D45E600E6683B /* Base */,
			);
			name = LaunchScreen.storyboard;
			sourceTree = "<group>";
		};
/* End PBXVariantGroup section */

/* Begin XCBuildConfiguration section */
		97FD3A8C232D45E600E6683B /* Debug */ = {
			isa = XCBuildConfiguration;
			buildSettings = {
				ALWAYS_SEARCH_USER_PATHS = NO;
				CLANG_ANALYZER_NONNULL = YES;
				CLANG_ANALYZER_NUMBER_OBJECT_CONVERSION = YES_AGGRESSIVE;
				CLANG_CXX_LANGUAGE_STANDARD = "gnu++14";
				CLANG_CXX_LIBRARY = "libc++";
				CLANG_ENABLE_MODULES = YES;
				CLANG_ENABLE_OBJC_ARC = YES;
				CLANG_ENABLE_OBJC_WEAK = YES;
				CLANG_WARN_BLOCK_CAPTURE_AUTORELEASING = YES;
				CLANG_WARN_BOOL_CONVERSION = YES;
				CLANG_WARN_COMMA = YES;
				CLANG_WARN_CONSTANT_CONVERSION = YES;
				CLANG_WARN_DEPRECATED_OBJC_IMPLEMENTATIONS = YES;
				CLANG_WARN_DIRECT_OBJC_ISA_USAGE = YES_ERROR;
				CLANG_WARN_DOCUMENTATION_COMMENTS = YES;
				CLANG_WARN_EMPTY_BODY = YES;
				CLANG_WARN_ENUM_CONVERSION = YES;
				CLANG_WARN_INFINITE_RECURSION = YES;
				CLANG_WARN_INT_CONVERSION = YES;
				CLANG_WARN_NON_LITERAL_NULL_CONVERSION = YES;
				CLANG_WARN_OBJC_IMPLICIT_RETAIN_SELF = YES;
				CLANG_WARN_OBJC_LITERAL_CONVERSION = YES;
				CLANG_WARN_OBJC_ROOT_CLASS = YES_ERROR;
				CLANG_WARN_RANGE_LOOP_ANALYSIS = YES;
				CLANG_WARN_STRICT_PROTOTYPES = YES;
				CLANG_WARN_SUSPICIOUS_MOVE = YES;
				CLANG_WARN_UNGUARDED_AVAILABILITY = YES_AGGRESSIVE;
				CLANG_WARN_UNREACHABLE_CODE = YES;
				CLANG_WARN__DUPLICATE_METHOD_MATCH = YES;
				CODE_SIGN_IDENTITY = "iPhone Developer";
				COPY_PHASE_STRIP = NO;
				DEBUG_INFORMATION_FORMAT = dwarf;
				ENABLE_STRICT_OBJC_MSGSEND = YES;
				ENABLE_TESTABILITY = YES;
				GCC_C_LANGUAGE_STANDARD = gnu11;
				GCC_DYNAMIC_NO_PIC = NO;
				GCC_NO_COMMON_BLOCKS = YES;
				GCC_OPTIMIZATION_LEVEL = 0;
				GCC_PREPROCESSOR_DEFINITIONS = (
					"DEBUG=1",
					"$(inherited)",
				);
				GCC_WARN_64_TO_32_BIT_CONVERSION = YES;
				GCC_WARN_ABOUT_RETURN_TYPE = YES_ERROR;
				GCC_WARN_UNDECLARED_SELECTOR = YES;
				GCC_WARN_UNINITIALIZED_AUTOS = YES_AGGRESSIVE;
				GCC_WARN_UNUSED_FUNCTION = YES;
				GCC_WARN_UNUSED_VARIABLE = YES;
				IPHONEOS_DEPLOYMENT_TARGET = 12.4;
				MTL_ENABLE_DEBUG_INFO = INCLUDE_SOURCE;
				MTL_FAST_MATH = YES;
				ONLY_ACTIVE_ARCH = YES;
				SDKROOT = iphoneos;
				SWIFT_ACTIVE_COMPILATION_CONDITIONS = DEBUG;
				SWIFT_OPTIMIZATION_LEVEL = "-Onone";
			};
			name = Debug;
		};
		97FD3A8D232D45E600E6683B /* Release */ = {
			isa = XCBuildConfiguration;
			buildSettings = {
				ALWAYS_SEARCH_USER_PATHS = NO;
				CLANG_ANALYZER_NONNULL = YES;
				CLANG_ANALYZER_NUMBER_OBJECT_CONVERSION = YES_AGGRESSIVE;
				CLANG_CXX_LANGUAGE_STANDARD = "gnu++14";
				CLANG_CXX_LIBRARY = "libc++";
				CLANG_ENABLE_MODULES = YES;
				CLANG_ENABLE_OBJC_ARC = YES;
				CLANG_ENABLE_OBJC_WEAK = YES;
				CLANG_WARN_BLOCK_CAPTURE_AUTORELEASING = YES;
				CLANG_WARN_BOOL_CONVERSION = YES;
				CLANG_WARN_COMMA = YES;
				CLANG_WARN_CONSTANT_CONVERSION = YES;
				CLANG_WARN_DEPRECATED_OBJC_IMPLEMENTATIONS = YES;
				CLANG_WARN_DIRECT_OBJC_ISA_USAGE = YES_ERROR;
				CLANG_WARN_DOCUMENTATION_COMMENTS = YES;
				CLANG_WARN_EMPTY_BODY = YES;
				CLANG_WARN_ENUM_CONVERSION = YES;
				CLANG_WARN_INFINITE_RECURSION = YES;
				CLANG_WARN_INT_CONVERSION = YES;
				CLANG_WARN_NON_LITERAL_NULL_CONVERSION = YES;
				CLANG_WARN_OBJC_IMPLICIT_RETAIN_SELF = YES;
				CLANG_WARN_OBJC_LITERAL_CONVERSION = YES;
				CLANG_WARN_OBJC_ROOT_CLASS = YES_ERROR;
				CLANG_WARN_RANGE_LOOP_ANALYSIS = YES;
				CLANG_WARN_STRICT_PROTOTYPES = YES;
				CLANG_WARN_SUSPICIOUS_MOVE = YES;
				CLANG_WARN_UNGUARDED_AVAILABILITY = YES_AGGRESSIVE;
				CLANG_WARN_UNREACHABLE_CODE = YES;
				CLANG_WARN__DUPLICATE_METHOD_MATCH = YES;
				CODE_SIGN_IDENTITY = "iPhone Developer";
				COPY_PHASE_STRIP = NO;
				DEBUG_INFORMATION_FORMAT = "dwarf-with-dsym";
				ENABLE_NS_ASSERTIONS = NO;
				ENABLE_STRICT_OBJC_MSGSEND = YES;
				GCC_C_LANGUAGE_STANDARD = gnu11;
				GCC_NO_COMMON_BLOCKS = YES;
				GCC_WARN_64_TO_32_BIT_CONVERSION = YES;
				GCC_WARN_ABOUT_RETURN_TYPE = YES_ERROR;
				GCC_WARN_UNDECLARED_SELECTOR = YES;
				GCC_WARN_UNINITIALIZED_AUTOS = YES_AGGRESSIVE;
				GCC_WARN_UNUSED_FUNCTION = YES;
				GCC_WARN_UNUSED_VARIABLE = YES;
				IPHONEOS_DEPLOYMENT_TARGET = 12.4;
				MTL_ENABLE_DEBUG_INFO = NO;
				MTL_FAST_MATH = YES;
				SDKROOT = iphoneos;
				SWIFT_COMPILATION_MODE = wholemodule;
				SWIFT_OPTIMIZATION_LEVEL = "-O";
				VALIDATE_PRODUCT = YES;
			};
			name = Release;
		};
		97FD3A8F232D45E600E6683B /* Debug */ = {
			isa = XCBuildConfiguration;
			baseConfigurationReference = ACDD50E0C333A4E948CCC99D /* Pods-Boiler Bag.debug.xcconfig */;
			buildSettings = {
				ASSETCATALOG_COMPILER_APPICON_NAME = AppIcon;
				CODE_SIGN_STYLE = Automatic;
				DEVELOPMENT_TEAM = KY3WH54F32;
				INFOPLIST_FILE = "Boiler Bag/Info.plist";
				LD_RUNPATH_SEARCH_PATHS = (
					"$(inherited)",
					"@executable_path/Frameworks",
				);
				PRODUCT_BUNDLE_IDENTIFIER = "hello-world.Boiler-Bag";
				PRODUCT_NAME = "$(TARGET_NAME)";
				SWIFT_VERSION = 5.0;
				TARGETED_DEVICE_FAMILY = "1,2";
			};
			name = Debug;
		};
		97FD3A90232D45E600E6683B /* Release */ = {
			isa = XCBuildConfiguration;
			baseConfigurationReference = 5538A4B3CF496D87A419EE87 /* Pods-Boiler Bag.release.xcconfig */;
			buildSettings = {
				ASSETCATALOG_COMPILER_APPICON_NAME = AppIcon;
				CODE_SIGN_STYLE = Automatic;
				DEVELOPMENT_TEAM = KY3WH54F32;
				INFOPLIST_FILE = "Boiler Bag/Info.plist";
				LD_RUNPATH_SEARCH_PATHS = (
					"$(inherited)",
					"@executable_path/Frameworks",
				);
				PRODUCT_BUNDLE_IDENTIFIER = "hello-world.Boiler-Bag";
				PRODUCT_NAME = "$(TARGET_NAME)";
				SWIFT_VERSION = 5.0;
				TARGETED_DEVICE_FAMILY = "1,2";
			};
			name = Release;
		};
		97FD3A92232D45E600E6683B /* Debug */ = {
			isa = XCBuildConfiguration;
			baseConfigurationReference = E47A87D69045478B863B286D /* Pods-Boiler BagTests.debug.xcconfig */;
			buildSettings = {
				ALWAYS_EMBED_SWIFT_STANDARD_LIBRARIES = YES;
				BUNDLE_LOADER = "$(TEST_HOST)";
				CODE_SIGN_STYLE = Automatic;
				DEVELOPMENT_TEAM = KY3WH54F32;
				INFOPLIST_FILE = "Boiler BagTests/Info.plist";
				LD_RUNPATH_SEARCH_PATHS = (
					"$(inherited)",
					"@executable_path/Frameworks",
					"@loader_path/Frameworks",
				);
				PRODUCT_BUNDLE_IDENTIFIER = "hello-world.Boiler-BagTests";
				PRODUCT_NAME = "$(TARGET_NAME)";
				SWIFT_VERSION = 5.0;
				TARGETED_DEVICE_FAMILY = "1,2";
				TEST_HOST = "$(BUILT_PRODUCTS_DIR)/Boiler Bag.app/Boiler Bag";
			};
			name = Debug;
		};
		97FD3A93232D45E600E6683B /* Release */ = {
			isa = XCBuildConfiguration;
			baseConfigurationReference = 11E497B2B77EC78E8344D376 /* Pods-Boiler BagTests.release.xcconfig */;
			buildSettings = {
				ALWAYS_EMBED_SWIFT_STANDARD_LIBRARIES = YES;
				BUNDLE_LOADER = "$(TEST_HOST)";
				CODE_SIGN_STYLE = Automatic;
				DEVELOPMENT_TEAM = KY3WH54F32;
				INFOPLIST_FILE = "Boiler BagTests/Info.plist";
				LD_RUNPATH_SEARCH_PATHS = (
					"$(inherited)",
					"@executable_path/Frameworks",
					"@loader_path/Frameworks",
				);
				PRODUCT_BUNDLE_IDENTIFIER = "hello-world.Boiler-BagTests";
				PRODUCT_NAME = "$(TARGET_NAME)";
				SWIFT_VERSION = 5.0;
				TARGETED_DEVICE_FAMILY = "1,2";
				TEST_HOST = "$(BUILT_PRODUCTS_DIR)/Boiler Bag.app/Boiler Bag";
			};
			name = Release;
		};
		97FD3A95232D45E600E6683B /* Debug */ = {
			isa = XCBuildConfiguration;
			baseConfigurationReference = D5C38B6255DC824B84BA3561 /* Pods-Boiler BagUITests.debug.xcconfig */;
			buildSettings = {
				ALWAYS_EMBED_SWIFT_STANDARD_LIBRARIES = YES;
				CODE_SIGN_STYLE = Automatic;
				DEVELOPMENT_TEAM = KY3WH54F32;
				INFOPLIST_FILE = "Boiler BagUITests/Info.plist";
				LD_RUNPATH_SEARCH_PATHS = (
					"$(inherited)",
					"@executable_path/Frameworks",
					"@loader_path/Frameworks",
				);
				PRODUCT_BUNDLE_IDENTIFIER = "hello-world.Boiler-BagUITests";
				PRODUCT_NAME = "$(TARGET_NAME)";
				SWIFT_VERSION = 5.0;
				TARGETED_DEVICE_FAMILY = "1,2";
				TEST_TARGET_NAME = "Boiler Bag";
			};
			name = Debug;
		};
		97FD3A96232D45E600E6683B /* Release */ = {
			isa = XCBuildConfiguration;
			baseConfigurationReference = B185500ADB6BC70F73EFDD60 /* Pods-Boiler BagUITests.release.xcconfig */;
			buildSettings = {
				ALWAYS_EMBED_SWIFT_STANDARD_LIBRARIES = YES;
				CODE_SIGN_STYLE = Automatic;
				DEVELOPMENT_TEAM = KY3WH54F32;
				INFOPLIST_FILE = "Boiler BagUITests/Info.plist";
				LD_RUNPATH_SEARCH_PATHS = (
					"$(inherited)",
					"@executable_path/Frameworks",
					"@loader_path/Frameworks",
				);
				PRODUCT_BUNDLE_IDENTIFIER = "hello-world.Boiler-BagUITests";
				PRODUCT_NAME = "$(TARGET_NAME)";
				SWIFT_VERSION = 5.0;
				TARGETED_DEVICE_FAMILY = "1,2";
				TEST_TARGET_NAME = "Boiler Bag";
			};
			name = Release;
		};
/* End XCBuildConfiguration section */

/* Begin XCConfigurationList section */
		97FD3A61232D45E500E6683B /* Build configuration list for PBXProject "Boiler Bag" */ = {
			isa = XCConfigurationList;
			buildConfigurations = (
				97FD3A8C232D45E600E6683B /* Debug */,
				97FD3A8D232D45E600E6683B /* Release */,
			);
			defaultConfigurationIsVisible = 0;
			defaultConfigurationName = Release;
		};
		97FD3A8E232D45E600E6683B /* Build configuration list for PBXNativeTarget "Boiler Bag" */ = {
			isa = XCConfigurationList;
			buildConfigurations = (
				97FD3A8F232D45E600E6683B /* Debug */,
				97FD3A90232D45E600E6683B /* Release */,
			);
			defaultConfigurationIsVisible = 0;
			defaultConfigurationName = Release;
		};
		97FD3A91232D45E600E6683B /* Build configuration list for PBXNativeTarget "Boiler BagTests" */ = {
			isa = XCConfigurationList;
			buildConfigurations = (
				97FD3A92232D45E600E6683B /* Debug */,
				97FD3A93232D45E600E6683B /* Release */,
			);
			defaultConfigurationIsVisible = 0;
			defaultConfigurationName = Release;
		};
		97FD3A94232D45E600E6683B /* Build configuration list for PBXNativeTarget "Boiler BagUITests" */ = {
			isa = XCConfigurationList;
			buildConfigurations = (
				97FD3A95232D45E600E6683B /* Debug */,
				97FD3A96232D45E600E6683B /* Release */,
			);
			defaultConfigurationIsVisible = 0;
			defaultConfigurationName = Release;
		};
/* End XCConfigurationList section */
	};
	rootObject = 97FD3A5E232D45E500E6683B /* Project object */;
}
